// !$*UTF8*$!
{
	archiveVersion = 1;
	classes = {
	};
	objectVersion = 56;
	objects = {

/* Begin PBXBuildFile section */
		12574D9A2AC1F94B00F89344 /* Photo.swift in Sources */ = {isa = PBXBuildFile; fileRef = 12574D992AC1F94B00F89344 /* Photo.swift */; };
		12574D9C2AC1F96B00F89344 /* PhotoListResponse.swift in Sources */ = {isa = PBXBuildFile; fileRef = 12574D9B2AC1F96B00F89344 /* PhotoListResponse.swift */; };
		12574DA02AC1FAB200F89344 /* PostPhoto.swift in Sources */ = {isa = PBXBuildFile; fileRef = 12574D9F2AC1FAB200F89344 /* PostPhoto.swift */; };
		12A9EB952AC052440051CD72 /* AppDelegate.swift in Sources */ = {isa = PBXBuildFile; fileRef = 12A9EB942AC052440051CD72 /* AppDelegate.swift */; };
		12A9EB972AC052440051CD72 /* SceneDelegate.swift in Sources */ = {isa = PBXBuildFile; fileRef = 12A9EB962AC052440051CD72 /* SceneDelegate.swift */; };
		12A9EB992AC052440051CD72 /* PhotosViewController.swift in Sources */ = {isa = PBXBuildFile; fileRef = 12A9EB982AC052440051CD72 /* PhotosViewController.swift */; };
		12A9EB9E2AC052470051CD72 /* Assets.xcassets in Resources */ = {isa = PBXBuildFile; fileRef = 12A9EB9D2AC052470051CD72 /* Assets.xcassets */; };
		12A9EBA12AC052470051CD72 /* LaunchScreen.storyboard in Resources */ = {isa = PBXBuildFile; fileRef = 12A9EB9F2AC052470051CD72 /* LaunchScreen.storyboard */; };
		12A9EBA92AC066DB0051CD72 /* PhotosTVCell.swift in Sources */ = {isa = PBXBuildFile; fileRef = 12A9EBA82AC066DB0051CD72 /* PhotosTVCell.swift */; };
		12A9EBAC2AC069E80051CD72 /* SDWebImage in Frameworks */ = {isa = PBXBuildFile; productRef = 12A9EBAB2AC069E80051CD72 /* SDWebImage */; };
		12A9EBAE2AC069E80051CD72 /* SDWebImageMapKit in Frameworks */ = {isa = PBXBuildFile; productRef = 12A9EBAD2AC069E80051CD72 /* SDWebImageMapKit */; };
		12A9EBB02AC079360051CD72 /* APIManager.swift in Sources */ = {isa = PBXBuildFile; fileRef = 12A9EBAF2AC079360051CD72 /* APIManager.swift */; };
		12A9EBB22AC07AB40051CD72 /* APIConstants.swift in Sources */ = {isa = PBXBuildFile; fileRef = 12A9EBB12AC07AB40051CD72 /* APIConstants.swift */; };
		12A9EBB72AC0E0BF0051CD72 /* PhotosTVCellViewModel.swift in Sources */ = {isa = PBXBuildFile; fileRef = 12A9EBB62AC0E0BF0051CD72 /* PhotosTVCellViewModel.swift */; };
/* End PBXBuildFile section */

/* Begin PBXFileReference section */
		12574D992AC1F94B00F89344 /* Photo.swift */ = {isa = PBXFileReference; lastKnownFileType = sourcecode.swift; path = Photo.swift; sourceTree = "<group>"; };
		12574D9B2AC1F96B00F89344 /* PhotoListResponse.swift */ = {isa = PBXFileReference; lastKnownFileType = sourcecode.swift; path = PhotoListResponse.swift; sourceTree = "<group>"; };
		12574D9F2AC1FAB200F89344 /* PostPhoto.swift */ = {isa = PBXFileReference; lastKnownFileType = sourcecode.swift; path = PostPhoto.swift; sourceTree = "<group>"; };
		12A9EB912AC052440051CD72 /* testTask.app */ = {isa = PBXFileReference; explicitFileType = wrapper.application; includeInIndex = 0; path = testTask.app; sourceTree = BUILT_PRODUCTS_DIR; };
		12A9EB942AC052440051CD72 /* AppDelegate.swift */ = {isa = PBXFileReference; lastKnownFileType = sourcecode.swift; path = AppDelegate.swift; sourceTree = "<group>"; };
		12A9EB962AC052440051CD72 /* SceneDelegate.swift */ = {isa = PBXFileReference; lastKnownFileType = sourcecode.swift; path = SceneDelegate.swift; sourceTree = "<group>"; };
		12A9EB982AC052440051CD72 /* PhotosViewController.swift */ = {isa = PBXFileReference; lastKnownFileType = sourcecode.swift; path = PhotosViewController.swift; sourceTree = "<group>"; };
		12A9EB9D2AC052470051CD72 /* Assets.xcassets */ = {isa = PBXFileReference; lastKnownFileType = folder.assetcatalog; path = Assets.xcassets; sourceTree = "<group>"; };
		12A9EBA02AC052470051CD72 /* Base */ = {isa = PBXFileReference; lastKnownFileType = file.storyboard; name = Base; path = Base.lproj/LaunchScreen.storyboard; sourceTree = "<group>"; };
		12A9EBA22AC052470051CD72 /* Info.plist */ = {isa = PBXFileReference; lastKnownFileType = text.plist.xml; path = Info.plist; sourceTree = "<group>"; };
		12A9EBA82AC066DB0051CD72 /* PhotosTVCell.swift */ = {isa = PBXFileReference; lastKnownFileType = sourcecode.swift; path = PhotosTVCell.swift; sourceTree = "<group>"; };
		12A9EBAF2AC079360051CD72 /* APIManager.swift */ = {isa = PBXFileReference; lastKnownFileType = sourcecode.swift; path = APIManager.swift; sourceTree = "<group>"; };
		12A9EBB12AC07AB40051CD72 /* APIConstants.swift */ = {isa = PBXFileReference; lastKnownFileType = sourcecode.swift; path = APIConstants.swift; sourceTree = "<group>"; };
		12A9EBB62AC0E0BF0051CD72 /* PhotosTVCellViewModel.swift */ = {isa = PBXFileReference; lastKnownFileType = sourcecode.swift; path = PhotosTVCellViewModel.swift; sourceTree = "<group>"; };
/* End PBXFileReference section */

/* Begin PBXFrameworksBuildPhase section */
		12A9EB8E2AC052440051CD72 /* Frameworks */ = {
			isa = PBXFrameworksBuildPhase;
			buildActionMask = 2147483647;
			files = (
				12A9EBAE2AC069E80051CD72 /* SDWebImageMapKit in Frameworks */,
				12A9EBAC2AC069E80051CD72 /* SDWebImage in Frameworks */,
			);
			runOnlyForDeploymentPostprocessing = 0;
		};
/* End PBXFrameworksBuildPhase section */

/* Begin PBXGroup section */
		12574D982AC1F92100F89344 /* Models */ = {
			isa = PBXGroup;
			children = (
				12574D9D2AC1FA5C00F89344 /* Fetch from server only */,
				12574D9E2AC1FA8A00F89344 /* Upload to server only */,
				12574DA12AC1FAF100F89344 /* Both */,
			);
			path = Models;
			sourceTree = "<group>";
		};
		12574D9D2AC1FA5C00F89344 /* Fetch from server only */ = {
			isa = PBXGroup;
			children = (
				12574D9B2AC1F96B00F89344 /* PhotoListResponse.swift */,
				12574D992AC1F94B00F89344 /* Photo.swift */,
			);
			path = "Fetch from server only";
			sourceTree = "<group>";
		};
		12574D9E2AC1FA8A00F89344 /* Upload to server only */ = {
			isa = PBXGroup;
			children = (
				12574D9F2AC1FAB200F89344 /* PostPhoto.swift */,
			);
			path = "Upload to server only";
			sourceTree = "<group>";
		};
		12574DA12AC1FAF100F89344 /* Both */ = {
			isa = PBXGroup;
			children = (
			);
			path = Both;
			sourceTree = "<group>";
		};
		12A9EB882AC052440051CD72 = {
			isa = PBXGroup;
			children = (
				12A9EB932AC052440051CD72 /* testTask */,
				12A9EB922AC052440051CD72 /* Products */,
			);
			sourceTree = "<group>";
		};
		12A9EB922AC052440051CD72 /* Products */ = {
			isa = PBXGroup;
			children = (
				12A9EB912AC052440051CD72 /* testTask.app */,
			);
			name = Products;
			sourceTree = "<group>";
		};
		12A9EB932AC052440051CD72 /* testTask */ = {
			isa = PBXGroup;
			children = (
				12574D982AC1F92100F89344 /* Models */,
				12A9EBB32AC07DA30051CD72 /* Networking */,
				12A9EBB42AC07E680051CD72 /* Photos */,
				12A9EB942AC052440051CD72 /* AppDelegate.swift */,
				12A9EB962AC052440051CD72 /* SceneDelegate.swift */,
				12A9EB9D2AC052470051CD72 /* Assets.xcassets */,
				12A9EB9F2AC052470051CD72 /* LaunchScreen.storyboard */,
				12A9EBA22AC052470051CD72 /* Info.plist */,
			);
			path = testTask;
			sourceTree = "<group>";
		};
		12A9EBB32AC07DA30051CD72 /* Networking */ = {
			isa = PBXGroup;
			children = (
				12A9EBAF2AC079360051CD72 /* APIManager.swift */,
				12A9EBB12AC07AB40051CD72 /* APIConstants.swift */,
			);
			path = Networking;
			sourceTree = "<group>";
		};
		12A9EBB42AC07E680051CD72 /* Photos */ = {
			isa = PBXGroup;
			children = (
				12A9EBB52AC07E810051CD72 /* Cells */,
				12A9EB982AC052440051CD72 /* PhotosViewController.swift */,
			);
			path = Photos;
			sourceTree = "<group>";
		};
		12A9EBB52AC07E810051CD72 /* Cells */ = {
			isa = PBXGroup;
			children = (
				12A9EBB82AC0E10D0051CD72 /* PhotosTVCell */,
			);
			path = Cells;
			sourceTree = "<group>";
		};
		12A9EBB82AC0E10D0051CD72 /* PhotosTVCell */ = {
			isa = PBXGroup;
			children = (
				12A9EBA82AC066DB0051CD72 /* PhotosTVCell.swift */,
				12A9EBB62AC0E0BF0051CD72 /* PhotosTVCellViewModel.swift */,
			);
			path = PhotosTVCell;
			sourceTree = "<group>";
		};
/* End PBXGroup section */

/* Begin PBXNativeTarget section */
		12A9EB902AC052440051CD72 /* testTask */ = {
			isa = PBXNativeTarget;
			buildConfigurationList = 12A9EBA52AC052470051CD72 /* Build configuration list for PBXNativeTarget "testTask" */;
			buildPhases = (
				12A9EB8D2AC052440051CD72 /* Sources */,
				12A9EB8E2AC052440051CD72 /* Frameworks */,
				12A9EB8F2AC052440051CD72 /* Resources */,
			);
			buildRules = (
			);
			dependencies = (
			);
			name = testTask;
			packageProductDependencies = (
				12A9EBAB2AC069E80051CD72 /* SDWebImage */,
				12A9EBAD2AC069E80051CD72 /* SDWebImageMapKit */,
			);
			productName = testTask;
			productReference = 12A9EB912AC052440051CD72 /* testTask.app */;
			productType = "com.apple.product-type.application";
		};
/* End PBXNativeTarget section */

/* Begin PBXProject section */
		12A9EB892AC052440051CD72 /* Project object */ = {
			isa = PBXProject;
			attributes = {
				BuildIndependentTargetsInParallel = 1;
				LastSwiftUpdateCheck = 1500;
				LastUpgradeCheck = 1500;
				TargetAttributes = {
					12A9EB902AC052440051CD72 = {
						CreatedOnToolsVersion = 15.0;
					};
				};
			};
			buildConfigurationList = 12A9EB8C2AC052440051CD72 /* Build configuration list for PBXProject "testTask" */;
			compatibilityVersion = "Xcode 14.0";
			developmentRegion = en;
			hasScannedForEncodings = 0;
			knownRegions = (
				en,
				Base,
			);
			mainGroup = 12A9EB882AC052440051CD72;
			packageReferences = (
				12A9EBAA2AC069E70051CD72 /* XCRemoteSwiftPackageReference "SDWebImage" */,
			);
			productRefGroup = 12A9EB922AC052440051CD72 /* Products */;
			projectDirPath = "";
			projectRoot = "";
			targets = (
				12A9EB902AC052440051CD72 /* testTask */,
			);
		};
/* End PBXProject section */

/* Begin PBXResourcesBuildPhase section */
		12A9EB8F2AC052440051CD72 /* Resources */ = {
			isa = PBXResourcesBuildPhase;
			buildActionMask = 2147483647;
			files = (
				12A9EBA12AC052470051CD72 /* LaunchScreen.storyboard in Resources */,
				12A9EB9E2AC052470051CD72 /* Assets.xcassets in Resources */,
			);
			runOnlyForDeploymentPostprocessing = 0;
		};
/* End PBXResourcesBuildPhase section */

/* Begin PBXSourcesBuildPhase section */
		12A9EB8D2AC052440051CD72 /* Sources */ = {
			isa = PBXSourcesBuildPhase;
			buildActionMask = 2147483647;
			files = (
				12574D9A2AC1F94B00F89344 /* Photo.swift in Sources */,
				12A9EBA92AC066DB0051CD72 /* PhotosTVCell.swift in Sources */,
				12A9EBB72AC0E0BF0051CD72 /* PhotosTVCellViewModel.swift in Sources */,
				12A9EB992AC052440051CD72 /* PhotosViewController.swift in Sources */,
				12A9EBB22AC07AB40051CD72 /* APIConstants.swift in Sources */,
				12A9EBB02AC079360051CD72 /* APIManager.swift in Sources */,
				12A9EB952AC052440051CD72 /* AppDelegate.swift in Sources */,
				12574D9C2AC1F96B00F89344 /* PhotoListResponse.swift in Sources */,
				12574DA02AC1FAB200F89344 /* PostPhoto.swift in Sources */,
				12A9EB972AC052440051CD72 /* SceneDelegate.swift in Sources */,
			);
			runOnlyForDeploymentPostprocessing = 0;
		};
/* End PBXSourcesBuildPhase section */

/* Begin PBXVariantGroup section */
		12A9EB9F2AC052470051CD72 /* LaunchScreen.storyboard */ = {
			isa = PBXVariantGroup;
			children = (
				12A9EBA02AC052470051CD72 /* Base */,
			);
			name = LaunchScreen.storyboard;
			sourceTree = "<group>";
		};
/* End PBXVariantGroup section */

/* Begin XCBuildConfiguration section */
		12A9EBA32AC052470051CD72 /* Debug */ = {
			isa = XCBuildConfiguration;
			buildSettings = {
				ALWAYS_SEARCH_USER_PATHS = NO;
				ASSETCATALOG_COMPILER_GENERATE_SWIFT_ASSET_SYMBOL_EXTENSIONS = YES;
				CLANG_ANALYZER_NONNULL = YES;
				CLANG_ANALYZER_NUMBER_OBJECT_CONVERSION = YES_AGGRESSIVE;
				CLANG_CXX_LANGUAGE_STANDARD = "gnu++20";
				CLANG_ENABLE_MODULES = YES;
				CLANG_ENABLE_OBJC_ARC = YES;
				CLANG_ENABLE_OBJC_WEAK = YES;
				CLANG_WARN_BLOCK_CAPTURE_AUTORELEASING = YES;
				CLANG_WARN_BOOL_CONVERSION = YES;
				CLANG_WARN_COMMA = YES;
				CLANG_WARN_CONSTANT_CONVERSION = YES;
				CLANG_WARN_DEPRECATED_OBJC_IMPLEMENTATIONS = YES;
				CLANG_WARN_DIRECT_OBJC_ISA_USAGE = YES_ERROR;
				CLANG_WARN_DOCUMENTATION_COMMENTS = YES;
				CLANG_WARN_EMPTY_BODY = YES;
				CLANG_WARN_ENUM_CONVERSION = YES;
				CLANG_WARN_INFINITE_RECURSION = YES;
				CLANG_WARN_INT_CONVERSION = YES;
				CLANG_WARN_NON_LITERAL_NULL_CONVERSION = YES;
				CLANG_WARN_OBJC_IMPLICIT_RETAIN_SELF = YES;
				CLANG_WARN_OBJC_LITERAL_CONVERSION = YES;
				CLANG_WARN_OBJC_ROOT_CLASS = YES_ERROR;
				CLANG_WARN_QUOTED_INCLUDE_IN_FRAMEWORK_HEADER = YES;
				CLANG_WARN_RANGE_LOOP_ANALYSIS = YES;
				CLANG_WARN_STRICT_PROTOTYPES = YES;
				CLANG_WARN_SUSPICIOUS_MOVE = YES;
				CLANG_WARN_UNGUARDED_AVAILABILITY = YES_AGGRESSIVE;
				CLANG_WARN_UNREACHABLE_CODE = YES;
				CLANG_WARN__DUPLICATE_METHOD_MATCH = YES;
				COPY_PHASE_STRIP = NO;
				DEBUG_INFORMATION_FORMAT = dwarf;
				ENABLE_STRICT_OBJC_MSGSEND = YES;
				ENABLE_TESTABILITY = YES;
				ENABLE_USER_SCRIPT_SANDBOXING = YES;
				GCC_C_LANGUAGE_STANDARD = gnu17;
				GCC_DYNAMIC_NO_PIC = NO;
				GCC_NO_COMMON_BLOCKS = YES;
				GCC_OPTIMIZATION_LEVEL = 0;
				GCC_PREPROCESSOR_DEFINITIONS = (
					"DEBUG=1",
					"$(inherited)",
				);
				GCC_WARN_64_TO_32_BIT_CONVERSION = YES;
				GCC_WARN_ABOUT_RETURN_TYPE = YES_ERROR;
				GCC_WARN_UNDECLARED_SELECTOR = YES;
				GCC_WARN_UNINITIALIZED_AUTOS = YES_AGGRESSIVE;
				GCC_WARN_UNUSED_FUNCTION = YES;
				GCC_WARN_UNUSED_VARIABLE = YES;
				IPHONEOS_DEPLOYMENT_TARGET = 17.0;
				LOCALIZATION_PREFERS_STRING_CATALOGS = YES;
				MTL_ENABLE_DEBUG_INFO = INCLUDE_SOURCE;
				MTL_FAST_MATH = YES;
				ONLY_ACTIVE_ARCH = YES;
				SDKROOT = iphoneos;
				SWIFT_ACTIVE_COMPILATION_CONDITIONS = "DEBUG $(inherited)";
				SWIFT_OPTIMIZATION_LEVEL = "-Onone";
			};
			name = Debug;
		};
		12A9EBA42AC052470051CD72 /* Release */ = {
			isa = XCBuildConfiguration;
			buildSettings = {
				ALWAYS_SEARCH_USER_PATHS = NO;
				ASSETCATALOG_COMPILER_GENERATE_SWIFT_ASSET_SYMBOL_EXTENSIONS = YES;
				CLANG_ANALYZER_NONNULL = YES;
				CLANG_ANALYZER_NUMBER_OBJECT_CONVERSION = YES_AGGRESSIVE;
				CLANG_CXX_LANGUAGE_STANDARD = "gnu++20";
				CLANG_ENABLE_MODULES = YES;
				CLANG_ENABLE_OBJC_ARC = YES;
				CLANG_ENABLE_OBJC_WEAK = YES;
				CLANG_WARN_BLOCK_CAPTURE_AUTORELEASING = YES;
				CLANG_WARN_BOOL_CONVERSION = YES;
				CLANG_WARN_COMMA = YES;
				CLANG_WARN_CONSTANT_CONVERSION = YES;
				CLANG_WARN_DEPRECATED_OBJC_IMPLEMENTATIONS = YES;
				CLANG_WARN_DIRECT_OBJC_ISA_USAGE = YES_ERROR;
				CLANG_WARN_DOCUMENTATION_COMMENTS = YES;
				CLANG_WARN_EMPTY_BODY = YES;
				CLANG_WARN_ENUM_CONVERSION = YES;
				CLANG_WARN_INFINITE_RECURSION = YES;
				CLANG_WARN_INT_CONVERSION = YES;
				CLANG_WARN_NON_LITERAL_NULL_CONVERSION = YES;
				CLANG_WARN_OBJC_IMPLICIT_RETAIN_SELF = YES;
				CLANG_WARN_OBJC_LITERAL_CONVERSION = YES;
				CLANG_WARN_OBJC_ROOT_CLASS = YES_ERROR;
				CLANG_WARN_QUOTED_INCLUDE_IN_FRAMEWORK_HEADER = YES;
				CLANG_WARN_RANGE_LOOP_ANALYSIS = YES;
				CLANG_WARN_STRICT_PROTOTYPES = YES;
				CLANG_WARN_SUSPICIOUS_MOVE = YES;
				CLANG_WARN_UNGUARDED_AVAILABILITY = YES_AGGRESSIVE;
				CLANG_WARN_UNREACHABLE_CODE = YES;
				CLANG_WARN__DUPLICATE_METHOD_MATCH = YES;
				COPY_PHASE_STRIP = NO;
				DEBUG_INFORMATION_FORMAT = "dwarf-with-dsym";
				ENABLE_NS_ASSERTIONS = NO;
				ENABLE_STRICT_OBJC_MSGSEND = YES;
				ENABLE_USER_SCRIPT_SANDBOXING = YES;
				GCC_C_LANGUAGE_STANDARD = gnu17;
				GCC_NO_COMMON_BLOCKS = YES;
				GCC_WARN_64_TO_32_BIT_CONVERSION = YES;
				GCC_WARN_ABOUT_RETURN_TYPE = YES_ERROR;
				GCC_WARN_UNDECLARED_SELECTOR = YES;
				GCC_WARN_UNINITIALIZED_AUTOS = YES_AGGRESSIVE;
				GCC_WARN_UNUSED_FUNCTION = YES;
				GCC_WARN_UNUSED_VARIABLE = YES;
				IPHONEOS_DEPLOYMENT_TARGET = 17.0;
				LOCALIZATION_PREFERS_STRING_CATALOGS = YES;
				MTL_ENABLE_DEBUG_INFO = NO;
				MTL_FAST_MATH = YES;
				SDKROOT = iphoneos;
				SWIFT_COMPILATION_MODE = wholemodule;
				VALIDATE_PRODUCT = YES;
			};
			name = Release;
		};
		12A9EBA62AC052470051CD72 /* Debug */ = {
			isa = XCBuildConfiguration;
			buildSettings = {
				ASSETCATALOG_COMPILER_APPICON_NAME = AppIcon;
				ASSETCATALOG_COMPILER_GLOBAL_ACCENT_COLOR_NAME = AccentColor;
				CODE_SIGN_STYLE = Automatic;
				CURRENT_PROJECT_VERSION = 1;
				DEVELOPMENT_TEAM = CCCW4AN62Y;
				GENERATE_INFOPLIST_FILE = YES;
				INFOPLIST_FILE = testTask/Info.plist;
				INFOPLIST_KEY_NSCameraUsageDescription = "Please allow access to take a picture for post request";
				INFOPLIST_KEY_UIApplicationSupportsIndirectInputEvents = YES;
				INFOPLIST_KEY_UILaunchStoryboardName = LaunchScreen;
				INFOPLIST_KEY_UISupportedInterfaceOrientations_iPad = "UIInterfaceOrientationPortrait UIInterfaceOrientationPortraitUpsideDown UIInterfaceOrientationLandscapeLeft UIInterfaceOrientationLandscapeRight";
				INFOPLIST_KEY_UISupportedInterfaceOrientations_iPhone = "UIInterfaceOrientationPortrait UIInterfaceOrientationLandscapeLeft UIInterfaceOrientationLandscapeRight";
				LD_RUNPATH_SEARCH_PATHS = (
					"$(inherited)",
					"@executable_path/Frameworks",
				);
				MARKETING_VERSION = 1.0;
				PRODUCT_BUNDLE_IDENTIFIER = com.halai.testTask;
				PRODUCT_NAME = "$(TARGET_NAME)";
				SWIFT_EMIT_LOC_STRINGS = YES;
				SWIFT_VERSION = 5.0;
				TARGETED_DEVICE_FAMILY = "1,2";
			};
			name = Debug;
		};
		12A9EBA72AC052470051CD72 /* Release */ = {
			isa = XCBuildConfiguration;
			buildSettings = {
				ASSETCATALOG_COMPILER_APPICON_NAME = AppIcon;
				ASSETCATALOG_COMPILER_GLOBAL_ACCENT_COLOR_NAME = AccentColor;
				CODE_SIGN_STYLE = Automatic;
				CURRENT_PROJECT_VERSION = 1;
				DEVELOPMENT_TEAM = CCCW4AN62Y;
				GENERATE_INFOPLIST_FILE = YES;
				INFOPLIST_FILE = testTask/Info.plist;
				INFOPLIST_KEY_NSCameraUsageDescription = "Please allow access to take a picture for post request";
				INFOPLIST_KEY_UIApplicationSupportsIndirectInputEvents = YES;
				INFOPLIST_KEY_UILaunchStoryboardName = LaunchScreen;
				INFOPLIST_KEY_UISupportedInterfaceOrientations_iPad = "UIInterfaceOrientationPortrait UIInterfaceOrientationPortraitUpsideDown UIInterfaceOrientationLandscapeLeft UIInterfaceOrientationLandscapeRight";
				INFOPLIST_KEY_UISupportedInterfaceOrientations_iPhone = "UIInterfaceOrientationPortrait UIInterfaceOrientationLandscapeLeft UIInterfaceOrientationLandscapeRight";
				LD_RUNPATH_SEARCH_PATHS = (
					"$(inherited)",
					"@executable_path/Frameworks",
				);
				MARKETING_VERSION = 1.0;
				PRODUCT_BUNDLE_IDENTIFIER = com.halai.testTask;
				PRODUCT_NAME = "$(TARGET_NAME)";
				SWIFT_EMIT_LOC_STRINGS = YES;
				SWIFT_VERSION = 5.0;
				TARGETED_DEVICE_FAMILY = "1,2";
			};
			name = Release;
		};
/* End XCBuildConfiguration section */

/* Begin XCConfigurationList section */
		12A9EB8C2AC052440051CD72 /* Build configuration list for PBXProject "testTask" */ = {
			isa = XCConfigurationList;
			buildConfigurations = (
				12A9EBA32AC052470051CD72 /* Debug */,
				12A9EBA42AC052470051CD72 /* Release */,
			);
			defaultConfigurationIsVisible = 0;
			defaultConfigurationName = Release;
		};
		12A9EBA52AC052470051CD72 /* Build configuration list for PBXNativeTarget "testTask" */ = {
			isa = XCConfigurationList;
			buildConfigurations = (
				12A9EBA62AC052470051CD72 /* Debug */,
				12A9EBA72AC052470051CD72 /* Release */,
			);
			defaultConfigurationIsVisible = 0;
			defaultConfigurationName = Release;
		};
/* End XCConfigurationList section */

/* Begin XCRemoteSwiftPackageReference section */
		12A9EBAA2AC069E70051CD72 /* XCRemoteSwiftPackageReference "SDWebImage" */ = {
			isa = XCRemoteSwiftPackageReference;
			repositoryURL = "https://github.com/SDWebImage/SDWebImage.git";
			requirement = {
				kind = upToNextMajorVersion;
				minimumVersion = 5.18.2;
			};
		};
/* End XCRemoteSwiftPackageReference section */

/* Begin XCSwiftPackageProductDependency section */
		12A9EBAB2AC069E80051CD72 /* SDWebImage */ = {
			isa = XCSwiftPackageProductDependency;
			package = 12A9EBAA2AC069E70051CD72 /* XCRemoteSwiftPackageReference "SDWebImage" */;
			productName = SDWebImage;
		};
		12A9EBAD2AC069E80051CD72 /* SDWebImageMapKit */ = {
			isa = XCSwiftPackageProductDependency;
			package = 12A9EBAA2AC069E70051CD72 /* XCRemoteSwiftPackageReference "SDWebImage" */;
			productName = SDWebImageMapKit;
		};
/* End XCSwiftPackageProductDependency section */
	};
	rootObject = 12A9EB892AC052440051CD72 /* Project object */;
}
